
Microsoft Visual Studio Solution File, Format Version 12.00
# Visual Studio Version 16
VisualStudioVersion = 16.0.28803.156
MinimumVisualStudioVersion = 10.0.40219.1
Project("{9A19103F-16F7-4668-BE54-9A1E7A4F7556}") = "GUtils.IO", "GUtils.IO\GUtils.IO.csproj", "{D9AB8B05-6CD8-4E1A-BEB5-A2E27BBF4739}"
EndProject
Project("{2150E333-8FDC-42A3-9474-1A3956D46DE8}") = "Solution Items", "Solution Items", "{EE807DE1-3E39-4E21-9EBD-1BEEDFC56A9C}"
	ProjectSection(SolutionItems) = preProject
		.gitattributes = .gitattributes
		.gitignore = .gitignore
		GUtils.sln.licenseheader = GUtils.sln.licenseheader
		LICENSE = LICENSE
		nuget-pack.ps1 = nuget-pack.ps1
		README.md = README.md
	EndProjectSection
EndProject
Project("{9A19103F-16F7-4668-BE54-9A1E7A4F7556}") = "GUtils.Net", "GUtils.Net\GUtils.Net.csproj", "{0C609E84-E1BE-4CC9-A472-8EC64F284155}"
EndProject
Project("{9A19103F-16F7-4668-BE54-9A1E7A4F7556}") = "GUtils.Timing", "GUtils.Timing\GUtils.Timing.csproj", "{0D76D931-D060-4B26-8710-2F78A832BAF7}"
EndProject
Project("{9A19103F-16F7-4668-BE54-9A1E7A4F7556}") = "GUtils.CLI", "GUtils.CLI\GUtils.CLI.csproj", "{290C1063-B569-494F-B90F-F6FA8080848D}"
EndProject
Project("{9A19103F-16F7-4668-BE54-9A1E7A4F7556}") = "GUtils.Windows", "GUtils.Windows\GUtils.Windows.csproj", "{9BAB0491-B61F-4D02-ADE9-ABE35549175B}"
EndProject
Project("{2150E333-8FDC-42A3-9474-1A3956D46DE8}") = "Tests", "Tests", "{55138AAF-7418-4E62-AB3B-BF2CF73A8156}"
EndProject
Project("{9A19103F-16F7-4668-BE54-9A1E7A4F7556}") = "GUtils.CLI.Tests", "GUtils.CLI.Tests\GUtils.CLI.Tests.csproj", "{B4F43654-EF29-4DB4-919F-ED187C458927}"
EndProject
Project("{9A19103F-16F7-4668-BE54-9A1E7A4F7556}") = "GUtils.Parsing.BBCode", "GUtils.Parsing.BBCode\GUtils.Parsing.BBCode.csproj", "{0460A036-D964-4335-BB0D-46FE4F18BEE0}"
EndProject
Project("{9A19103F-16F7-4668-BE54-9A1E7A4F7556}") = "GUtils.Parsing.BBCode.Tests", "GUtils.Parsing.BBCode.Tests\GUtils.Parsing.BBCode.Tests.csproj", "{71D206D0-8498-40E3-95B9-76E074350AB9}"
EndProject
Project("{9A19103F-16F7-4668-BE54-9A1E7A4F7556}") = "GUtils.Expressions", "GUtils.Expressions\GUtils.Expressions.csproj", "{5B75C25B-FB59-42EB-8314-8AF21FE61046}"
EndProject
Project("{9A19103F-16F7-4668-BE54-9A1E7A4F7556}") = "GUtils.StateMachines", "GUtils.StateMachines\GUtils.StateMachines.csproj", "{4459E350-B927-4800-B4A4-EFB9ABF294AA}"
EndProject
Project("{FAE04EC0-301F-11D3-BF4B-00C04F79EFBC}") = "docs", "docs\docs.csproj", "{EA83B964-7ABB-45ED-A1AC-C4B1C2225FC4}"
EndProject
Project("{FAE04EC0-301F-11D3-BF4B-00C04F79EFBC}") = "GUtils.Windows.WPF", "GUtils.Windows.WPF\GUtils.Windows.WPF.csproj", "{E11CB8CE-B230-40F7-A140-D006C8D3544C}"
EndProject
Project("{9A19103F-16F7-4668-BE54-9A1E7A4F7556}") = "GUtils.Numerics", "GUtils.Numerics\GUtils.Numerics.csproj", "{D6157530-755C-40B8-9CD3-B3449BD7E805}"
EndProject
Project("{9A19103F-16F7-4668-BE54-9A1E7A4F7556}") = "GUtils.MVVM", "GUtils.MVVM\GUtils.MVVM.csproj", "{6220606C-DADE-4358-8285-1EB7D25D457F}"
EndProject
Global
	GlobalSection(SolutionConfigurationPlatforms) = preSolution
		Debug|Any CPU = Debug|Any CPU
		Release|Any CPU = Release|Any CPU
	EndGlobalSection
	GlobalSection(ProjectConfigurationPlatforms) = postSolution
		{D9AB8B05-6CD8-4E1A-BEB5-A2E27BBF4739}.Debug|Any CPU.ActiveCfg = Debug|Any CPU
		{D9AB8B05-6CD8-4E1A-BEB5-A2E27BBF4739}.Debug|Any CPU.Build.0 = Debug|Any CPU
		{D9AB8B05-6CD8-4E1A-BEB5-A2E27BBF4739}.Release|Any CPU.ActiveCfg = Release|Any CPU
		{D9AB8B05-6CD8-4E1A-BEB5-A2E27BBF4739}.Release|Any CPU.Build.0 = Release|Any CPU
		{0C609E84-E1BE-4CC9-A472-8EC64F284155}.Debug|Any CPU.ActiveCfg = Debug|Any CPU
		{0C609E84-E1BE-4CC9-A472-8EC64F284155}.Debug|Any CPU.Build.0 = Debug|Any CPU
		{0C609E84-E1BE-4CC9-A472-8EC64F284155}.Release|Any CPU.ActiveCfg = Release|Any CPU
		{0C609E84-E1BE-4CC9-A472-8EC64F284155}.Release|Any CPU.Build.0 = Release|Any CPU
		{0D76D931-D060-4B26-8710-2F78A832BAF7}.Debug|Any CPU.ActiveCfg = Debug|Any CPU
		{0D76D931-D060-4B26-8710-2F78A832BAF7}.Debug|Any CPU.Build.0 = Debug|Any CPU
		{0D76D931-D060-4B26-8710-2F78A832BAF7}.Release|Any CPU.ActiveCfg = Release|Any CPU
		{0D76D931-D060-4B26-8710-2F78A832BAF7}.Release|Any CPU.Build.0 = Release|Any CPU
		{290C1063-B569-494F-B90F-F6FA8080848D}.Debug|Any CPU.ActiveCfg = Debug|Any CPU
		{290C1063-B569-494F-B90F-F6FA8080848D}.Debug|Any CPU.Build.0 = Debug|Any CPU
		{290C1063-B569-494F-B90F-F6FA8080848D}.Release|Any CPU.ActiveCfg = Release|Any CPU
		{290C1063-B569-494F-B90F-F6FA8080848D}.Release|Any CPU.Build.0 = Release|Any CPU
		{9BAB0491-B61F-4D02-ADE9-ABE35549175B}.Debug|Any CPU.ActiveCfg = Debug|Any CPU
		{9BAB0491-B61F-4D02-ADE9-ABE35549175B}.Debug|Any CPU.Build.0 = Debug|Any CPU
		{9BAB0491-B61F-4D02-ADE9-ABE35549175B}.Release|Any CPU.ActiveCfg = Release|Any CPU
		{9BAB0491-B61F-4D02-ADE9-ABE35549175B}.Release|Any CPU.Build.0 = Release|Any CPU
		{B4F43654-EF29-4DB4-919F-ED187C458927}.Debug|Any CPU.ActiveCfg = Debug|Any CPU
		{B4F43654-EF29-4DB4-919F-ED187C458927}.Debug|Any CPU.Build.0 = Debug|Any CPU
		{B4F43654-EF29-4DB4-919F-ED187C458927}.Release|Any CPU.ActiveCfg = Release|Any CPU
		{B4F43654-EF29-4DB4-919F-ED187C458927}.Release|Any CPU.Build.0 = Release|Any CPU
		{0460A036-D964-4335-BB0D-46FE4F18BEE0}.Debug|Any CPU.ActiveCfg = Debug|Any CPU
		{0460A036-D964-4335-BB0D-46FE4F18BEE0}.Debug|Any CPU.Build.0 = Debug|Any CPU
		{0460A036-D964-4335-BB0D-46FE4F18BEE0}.Release|Any CPU.ActiveCfg = Release|Any CPU
		{0460A036-D964-4335-BB0D-46FE4F18BEE0}.Release|Any CPU.Build.0 = Release|Any CPU
		{71D206D0-8498-40E3-95B9-76E074350AB9}.Debug|Any CPU.ActiveCfg = Debug|Any CPU
		{71D206D0-8498-40E3-95B9-76E074350AB9}.Debug|Any CPU.Build.0 = Debug|Any CPU
		{71D206D0-8498-40E3-95B9-76E074350AB9}.Release|Any CPU.ActiveCfg = Release|Any CPU
		{71D206D0-8498-40E3-95B9-76E074350AB9}.Release|Any CPU.Build.0 = Release|Any CPU
		{5B75C25B-FB59-42EB-8314-8AF21FE61046}.Debug|Any CPU.ActiveCfg = Debug|Any CPU
		{5B75C25B-FB59-42EB-8314-8AF21FE61046}.Debug|Any CPU.Build.0 = Debug|Any CPU
		{5B75C25B-FB59-42EB-8314-8AF21FE61046}.Release|Any CPU.ActiveCfg = Release|Any CPU
		{5B75C25B-FB59-42EB-8314-8AF21FE61046}.Release|Any CPU.Build.0 = Release|Any CPU
		{4459E350-B927-4800-B4A4-EFB9ABF294AA}.Debug|Any CPU.ActiveCfg = Debug|Any CPU
		{4459E350-B927-4800-B4A4-EFB9ABF294AA}.Debug|Any CPU.Build.0 = Debug|Any CPU
		{4459E350-B927-4800-B4A4-EFB9ABF294AA}.Release|Any CPU.ActiveCfg = Release|Any CPU
		{4459E350-B927-4800-B4A4-EFB9ABF294AA}.Release|Any CPU.Build.0 = Release|Any CPU
		{EA83B964-7ABB-45ED-A1AC-C4B1C2225FC4}.Debug|Any CPU.ActiveCfg = Debug|Any CPU
		{EA83B964-7ABB-45ED-A1AC-C4B1C2225FC4}.Debug|Any CPU.Build.0 = Debug|Any CPU
		{EA83B964-7ABB-45ED-A1AC-C4B1C2225FC4}.Release|Any CPU.ActiveCfg = Release|Any CPU
		{EA83B964-7ABB-45ED-A1AC-C4B1C2225FC4}.Release|Any CPU.Build.0 = Release|Any CPU
		{E11CB8CE-B230-40F7-A140-D006C8D3544C}.Debug|Any CPU.ActiveCfg = Debug|Any CPU
		{E11CB8CE-B230-40F7-A140-D006C8D3544C}.Debug|Any CPU.Build.0 = Debug|Any CPU
		{E11CB8CE-B230-40F7-A140-D006C8D3544C}.Release|Any CPU.ActiveCfg = Release|Any CPU
		{E11CB8CE-B230-40F7-A140-D006C8D3544C}.Release|Any CPU.Build.0 = Release|Any CPU
		{D6157530-755C-40B8-9CD3-B3449BD7E805}.Debug|Any CPU.ActiveCfg = Debug|Any CPU
		{D6157530-755C-40B8-9CD3-B3449BD7E805}.Debug|Any CPU.Build.0 = Debug|Any CPU
		{D6157530-755C-40B8-9CD3-B3449BD7E805}.Release|Any CPU.ActiveCfg = Release|Any CPU
		{D6157530-755C-40B8-9CD3-B3449BD7E805}.Release|Any CPU.Build.0 = Release|Any CPU
		{6220606C-DADE-4358-8285-1EB7D25D457F}.Debug|Any CPU.ActiveCfg = Debug|Any CPU
		{6220606C-DADE-4358-8285-1EB7D25D457F}.Debug|Any CPU.Build.0 = Debug|Any CPU
		{6220606C-DADE-4358-8285-1EB7D25D457F}.Release|Any CPU.ActiveCfg = Release|Any CPU
		{6220606C-DADE-4358-8285-1EB7D25D457F}.Release|Any CPU.Build.0 = Release|Any CPU
	EndGlobalSection
	GlobalSection(SolutionProperties) = preSolution
		HideSolutionNode = FALSE
	EndGlobalSection
	GlobalSection(NestedProjects) = preSolution
		{B4F43654-EF29-4DB4-919F-ED187C458927} = {55138AAF-7418-4E62-AB3B-BF2CF73A8156}
		{71D206D0-8498-40E3-95B9-76E074350AB9} = {55138AAF-7418-4E62-AB3B-BF2CF73A8156}
	EndGlobalSection
	GlobalSection(ExtensibilityGlobals) = postSolution
		SolutionGuid = {2935DA65-CFF2-4F42-A80B-0E23EBB88B1B}
	EndGlobalSection
EndGlobal
