
Microsoft Visual Studio Solution File, Format Version 12.00
# Visual Studio 15
VisualStudioVersion = 15.0.26730.12
MinimumVisualStudioVersion = 10.0.40219.1
Project("{FAE04EC0-301F-11D3-BF4B-00C04F79EFBC}") = "GUtils.Windows.Forms", "GUtils.Windows.Forms\GUtils.Windows.Forms.csproj", "{9F88270E-5508-41DF-A845-5775C5BC7B98}"
EndProject
Project("{9A19103F-16F7-4668-BE54-9A1E7A4F7556}") = "GUtils.IO", "GUtils.IO\GUtils.IO.csproj", "{D9AB8B05-6CD8-4E1A-BEB5-A2E27BBF4739}"
EndProject
Project("{FAE04EC0-301F-11D3-BF4B-00C04F79EFBC}") = "GUtils.Windows", "GUtils.Windows\GUtils.Windows.csproj", "{5BAD56EF-7D52-4623-A7CF-FDB30AA9F4B0}"
EndProject
Project("{2150E333-8FDC-42A3-9474-1A3956D46DE8}") = "Solution Items", "Solution Items", "{EE807DE1-3E39-4E21-9EBD-1BEEDFC56A9C}"
	ProjectSection(SolutionItems) = preProject
		.gitattributes = .gitattributes
		.gitignore = .gitignore
		LICENSE = LICENSE
		README.md = README.md
	EndProjectSection
EndProject
Project("{9A19103F-16F7-4668-BE54-9A1E7A4F7556}") = "GUtils.Parallelism.Workers", "GUtils.Parallelism\GUtils.Parallelism.Workers.csproj", "{96D47C53-4DE4-461C-8C3D-FD3F170673AF}"
EndProject
Project("{9A19103F-16F7-4668-BE54-9A1E7A4F7556}") = "GUtils.Text", "GUtils.Text\GUtils.Text.csproj", "{B24BAF61-B7E5-41BF-BDC0-AE80241354E0}"
EndProject
Global
	GlobalSection(SolutionConfigurationPlatforms) = preSolution
		Debug|Any CPU = Debug|Any CPU
		Release|Any CPU = Release|Any CPU
	EndGlobalSection
	GlobalSection(ProjectConfigurationPlatforms) = postSolution
		{9F88270E-5508-41DF-A845-5775C5BC7B98}.Debug|Any CPU.ActiveCfg = Debug|Any CPU
		{9F88270E-5508-41DF-A845-5775C5BC7B98}.Debug|Any CPU.Build.0 = Debug|Any CPU
		{9F88270E-5508-41DF-A845-5775C5BC7B98}.Release|Any CPU.ActiveCfg = Release|Any CPU
		{9F88270E-5508-41DF-A845-5775C5BC7B98}.Release|Any CPU.Build.0 = Release|Any CPU
		{D9AB8B05-6CD8-4E1A-BEB5-A2E27BBF4739}.Debug|Any CPU.ActiveCfg = Debug|Any CPU
		{D9AB8B05-6CD8-4E1A-BEB5-A2E27BBF4739}.Debug|Any CPU.Build.0 = Debug|Any CPU
		{D9AB8B05-6CD8-4E1A-BEB5-A2E27BBF4739}.Release|Any CPU.ActiveCfg = Release|Any CPU
		{D9AB8B05-6CD8-4E1A-BEB5-A2E27BBF4739}.Release|Any CPU.Build.0 = Release|Any CPU
		{5BAD56EF-7D52-4623-A7CF-FDB30AA9F4B0}.Debug|Any CPU.ActiveCfg = Debug|Any CPU
		{5BAD56EF-7D52-4623-A7CF-FDB30AA9F4B0}.Debug|Any CPU.Build.0 = Debug|Any CPU
		{5BAD56EF-7D52-4623-A7CF-FDB30AA9F4B0}.Release|Any CPU.ActiveCfg = Release|Any CPU
		{5BAD56EF-7D52-4623-A7CF-FDB30AA9F4B0}.Release|Any CPU.Build.0 = Release|Any CPU
		{96D47C53-4DE4-461C-8C3D-FD3F170673AF}.Debug|Any CPU.ActiveCfg = Debug|Any CPU
		{96D47C53-4DE4-461C-8C3D-FD3F170673AF}.Debug|Any CPU.Build.0 = Debug|Any CPU
		{96D47C53-4DE4-461C-8C3D-FD3F170673AF}.Release|Any CPU.ActiveCfg = Release|Any CPU
		{96D47C53-4DE4-461C-8C3D-FD3F170673AF}.Release|Any CPU.Build.0 = Release|Any CPU
		{B24BAF61-B7E5-41BF-BDC0-AE80241354E0}.Debug|Any CPU.ActiveCfg = Debug|Any CPU
		{B24BAF61-B7E5-41BF-BDC0-AE80241354E0}.Debug|Any CPU.Build.0 = Debug|Any CPU
		{B24BAF61-B7E5-41BF-BDC0-AE80241354E0}.Release|Any CPU.ActiveCfg = Release|Any CPU
		{B24BAF61-B7E5-41BF-BDC0-AE80241354E0}.Release|Any CPU.Build.0 = Release|Any CPU
	EndGlobalSection
	GlobalSection(SolutionProperties) = preSolution
		HideSolutionNode = FALSE
	EndGlobalSection
	GlobalSection(ExtensibilityGlobals) = postSolution
		SolutionGuid = {2935DA65-CFF2-4F42-A80B-0E23EBB88B1B}
	EndGlobalSection
EndGlobal
