
Microsoft Visual Studio Solution File, Format Version 12.00
# Visual Studio Version 17
VisualStudioVersion = 17.3.32611.2
MinimumVisualStudioVersion = 10.0.40219.1
Project("{9A19103F-16F7-4668-BE54-9A1E7A4F7556}") = "Tsu", "src\Tsu.csproj", "{C07632A3-0532-4331-B1EB-8C774FE723A4}"
EndProject
Project("{9A19103F-16F7-4668-BE54-9A1E7A4F7556}") = "Tsu.Tests", "tests\Tsu.Tests.csproj", "{91D90419-3797-473E-B717-776228C31251}"
EndProject
Global
	GlobalSection(SolutionConfigurationPlatforms) = preSolution
		Debug|Any CPU = Debug|Any CPU
		Release|Any CPU = Release|Any CPU
	EndGlobalSection
	GlobalSection(ProjectConfigurationPlatforms) = postSolution
		{C07632A3-0532-4331-B1EB-8C774FE723A4}.Debug|Any CPU.ActiveCfg = Debug|Any CPU
		{C07632A3-0532-4331-B1EB-8C774FE723A4}.Debug|Any CPU.Build.0 = Debug|Any CPU
		{C07632A3-0532-4331-B1EB-8C774FE723A4}.Release|Any CPU.ActiveCfg = Release|Any CPU
		{C07632A3-0532-4331-B1EB-8C774FE723A4}.Release|Any CPU.Build.0 = Release|Any CPU
		{91D90419-3797-473E-B717-776228C31251}.Debug|Any CPU.ActiveCfg = Debug|Any CPU
		{91D90419-3797-473E-B717-776228C31251}.Debug|Any CPU.Build.0 = Debug|Any CPU
		{91D90419-3797-473E-B717-776228C31251}.Release|Any CPU.ActiveCfg = Release|Any CPU
		{91D90419-3797-473E-B717-776228C31251}.Release|Any CPU.Build.0 = Release|Any CPU
	EndGlobalSection
	GlobalSection(SolutionProperties) = preSolution
		HideSolutionNode = FALSE
	EndGlobalSection
	GlobalSection(NestedProjects) = preSolution
	EndGlobalSection
	GlobalSection(ExtensibilityGlobals) = postSolution
		SolutionGuid = {B8BE0376-954A-4E0C-BBD8-5B5F8E17634C}
	EndGlobalSection
EndGlobal
