
Microsoft Visual Studio Solution File, Format Version 12.00
# Visual Studio Version 17
VisualStudioVersion = 17.3.32611.2
MinimumVisualStudioVersion = 10.0.40219.1
Project("{2150E333-8FDC-42A3-9474-1A3956D46DE8}") = "Tsu", "Tsu", "{0E4D8A6A-8EBC-431F-935C-5A97D5B96280}"
EndProject
Project("{9A19103F-16F7-4668-BE54-9A1E7A4F7556}") = "Tsu", "Tsu\src\Tsu.csproj", "{C07632A3-0532-4331-B1EB-8C774FE723A4}"
EndProject
Project("{9A19103F-16F7-4668-BE54-9A1E7A4F7556}") = "Tsu.Tests", "Tsu\test\Tsu.Tests.csproj", "{91D90419-3797-473E-B717-776228C31251}"
EndProject
Project("{9A19103F-16F7-4668-BE54-9A1E7A4F7556}") = "Tsu.Benchmarks", "Tsu.Benchmarks\Tsu.Benchmarks.csproj", "{E188E246-1AFC-4FFE-8A8D-7CC641527591}"
EndProject
Project("{2150E333-8FDC-42A3-9474-1A3956D46DE8}") = "Tsu.CLI", "Tsu.CLI", "{CAFCB99A-5E31-47CB-974C-570AB94629D0}"
EndProject
Project("{2150E333-8FDC-42A3-9474-1A3956D46DE8}") = "src", "src", "{976079B4-5B39-413D-8454-0893898981DF}"
EndProject
Project("{9A19103F-16F7-4668-BE54-9A1E7A4F7556}") = "Tsu.CLI", "Tsu.CLI\src\lib\Tsu.CLI.csproj", "{70CDCBC7-8E8F-4350-B71B-C000A0749B8F}"
EndProject
Project("{9A19103F-16F7-4668-BE54-9A1E7A4F7556}") = "Tsu.CLI.SourceGenerator", "Tsu.CLI\src\sourcegen\Tsu.CLI.SourceGenerator.csproj", "{812BD84D-74EA-40AB-A00C-9EB75EC5C7C7}"
EndProject
Project("{9A19103F-16F7-4668-BE54-9A1E7A4F7556}") = "Tsu.CLI.Tests", "Tsu.CLI\test\Tsu.CLI.Tests.csproj", "{175C8259-A418-46BA-93F8-8246D875F132}"
EndProject
Project("{2150E333-8FDC-42A3-9474-1A3956D46DE8}") = "Tsu.Expressions", "Tsu.Expressions", "{3AC9851F-52AC-4D33-88AC-3930477A02A5}"
EndProject
Project("{9A19103F-16F7-4668-BE54-9A1E7A4F7556}") = "Tsu.Expressions", "Tsu.Expressions\src\Tsu.Expressions.csproj", "{9C6B3400-944D-4D3A-B64E-CB32C54E8A0D}"
EndProject
Project("{2150E333-8FDC-42A3-9474-1A3956D46DE8}") = "Tsu.MVVM", "Tsu.MVVM", "{95C07158-0EEE-49BF-8FF4-0206F4CE49BE}"
EndProject
Project("{9A19103F-16F7-4668-BE54-9A1E7A4F7556}") = "Tsu.MVVM", "Tsu.MVVM\src\Tsu.MVVM.csproj", "{5070C58D-6701-4E9E-9703-4BD4A4DB7A21}"
EndProject
Project("{2150E333-8FDC-42A3-9474-1A3956D46DE8}") = "Tsu.Parsing.BBCode", "Tsu.Parsing.BBCode", "{7156BF71-F606-43BA-9916-46EE088256B2}"
EndProject
Project("{9A19103F-16F7-4668-BE54-9A1E7A4F7556}") = "Tsu.Parsing.BBCode", "Tsu.Parsing.BBCode\src\Tsu.Parsing.BBCode.csproj", "{DB40F318-74AF-4055-921F-035131611723}"
EndProject
Project("{9A19103F-16F7-4668-BE54-9A1E7A4F7556}") = "Tsu.Parsing.BBCode.Tests", "Tsu.Parsing.BBCode\test\Tsu.Parsing.BBCode.Tests.csproj", "{0CB82644-F524-409F-8E30-38F1D27A3526}"
EndProject
Project("{2150E333-8FDC-42A3-9474-1A3956D46DE8}") = "Tsu.StateMachines", "Tsu.StateMachines", "{1D29EB76-2CA0-4358-8EE8-9AFE3EB353B8}"
EndProject
Project("{9A19103F-16F7-4668-BE54-9A1E7A4F7556}") = "Tsu.StateMachines", "Tsu.StateMachines\src\Tsu.StateMachines.csproj", "{B6D5D9CF-1A77-4691-A8A0-1ED702766E70}"
EndProject
Project("{2150E333-8FDC-42A3-9474-1A3956D46DE8}") = "Tsu.Testing", "Tsu.Testing", "{35960E56-949E-4547-B998-343933E70C6D}"
EndProject
Project("{9A19103F-16F7-4668-BE54-9A1E7A4F7556}") = "Tsu.Testing", "Tsu.Testing\src\Tsu.Testing.csproj", "{B9E6D3CE-A444-48BA-8F98-589B83EAD8A1}"
EndProject
Project("{9A19103F-16F7-4668-BE54-9A1E7A4F7556}") = "Tsu.Testing.Tests", "Tsu.Testing\test\Tsu.Testing.Tests.csproj", "{9D81E6F2-3512-48AD-8088-9A2F4E2089F6}"
EndProject
Project("{2150E333-8FDC-42A3-9474-1A3956D46DE8}") = "Tsu.Text.Code", "Tsu.Text.Code", "{9A94287D-D6A5-4A40-AE4A-171047B283A0}"
EndProject
Project("{9A19103F-16F7-4668-BE54-9A1E7A4F7556}") = "Tsu.Text.Code", "Tsu.Text.Code\src\Tsu.Text.Code.csproj", "{D591FE5A-55F9-47F3-B67B-5656CB7F45E5}"
EndProject
Project("{9A19103F-16F7-4668-BE54-9A1E7A4F7556}") = "Tsu.Timing.MicroProfiler", "Tsu.Timing.MicroProfiler\Tsu.Timing.MicroProfiler.csproj", "{B5337497-B391-42F8-80D1-7169F3053B77}"
EndProject
Project("{9A19103F-16F7-4668-BE54-9A1E7A4F7556}") = "Tsu.Windows", "Tsu.Windows\Tsu.Windows.csproj", "{D673B185-360D-4620-92C2-1F0089C6C4FB}"
EndProject
Global
	GlobalSection(SolutionConfigurationPlatforms) = preSolution
		Debug|Any CPU = Debug|Any CPU
		Release|Any CPU = Release|Any CPU
	EndGlobalSection
	GlobalSection(ProjectConfigurationPlatforms) = postSolution
		{C07632A3-0532-4331-B1EB-8C774FE723A4}.Debug|Any CPU.ActiveCfg = Debug|Any CPU
		{C07632A3-0532-4331-B1EB-8C774FE723A4}.Debug|Any CPU.Build.0 = Debug|Any CPU
		{C07632A3-0532-4331-B1EB-8C774FE723A4}.Release|Any CPU.ActiveCfg = Release|Any CPU
		{C07632A3-0532-4331-B1EB-8C774FE723A4}.Release|Any CPU.Build.0 = Release|Any CPU
		{91D90419-3797-473E-B717-776228C31251}.Debug|Any CPU.ActiveCfg = Debug|Any CPU
		{91D90419-3797-473E-B717-776228C31251}.Debug|Any CPU.Build.0 = Debug|Any CPU
		{91D90419-3797-473E-B717-776228C31251}.Release|Any CPU.ActiveCfg = Release|Any CPU
		{91D90419-3797-473E-B717-776228C31251}.Release|Any CPU.Build.0 = Release|Any CPU
		{E188E246-1AFC-4FFE-8A8D-7CC641527591}.Debug|Any CPU.ActiveCfg = Debug|Any CPU
		{E188E246-1AFC-4FFE-8A8D-7CC641527591}.Debug|Any CPU.Build.0 = Debug|Any CPU
		{E188E246-1AFC-4FFE-8A8D-7CC641527591}.Release|Any CPU.ActiveCfg = Release|Any CPU
		{E188E246-1AFC-4FFE-8A8D-7CC641527591}.Release|Any CPU.Build.0 = Release|Any CPU
		{70CDCBC7-8E8F-4350-B71B-C000A0749B8F}.Debug|Any CPU.ActiveCfg = Debug|Any CPU
		{70CDCBC7-8E8F-4350-B71B-C000A0749B8F}.Debug|Any CPU.Build.0 = Debug|Any CPU
		{70CDCBC7-8E8F-4350-B71B-C000A0749B8F}.Release|Any CPU.ActiveCfg = Release|Any CPU
		{70CDCBC7-8E8F-4350-B71B-C000A0749B8F}.Release|Any CPU.Build.0 = Release|Any CPU
		{812BD84D-74EA-40AB-A00C-9EB75EC5C7C7}.Debug|Any CPU.ActiveCfg = Debug|Any CPU
		{812BD84D-74EA-40AB-A00C-9EB75EC5C7C7}.Debug|Any CPU.Build.0 = Debug|Any CPU
		{812BD84D-74EA-40AB-A00C-9EB75EC5C7C7}.Release|Any CPU.ActiveCfg = Release|Any CPU
		{812BD84D-74EA-40AB-A00C-9EB75EC5C7C7}.Release|Any CPU.Build.0 = Release|Any CPU
		{175C8259-A418-46BA-93F8-8246D875F132}.Debug|Any CPU.ActiveCfg = Debug|Any CPU
		{175C8259-A418-46BA-93F8-8246D875F132}.Debug|Any CPU.Build.0 = Debug|Any CPU
		{175C8259-A418-46BA-93F8-8246D875F132}.Release|Any CPU.ActiveCfg = Release|Any CPU
		{175C8259-A418-46BA-93F8-8246D875F132}.Release|Any CPU.Build.0 = Release|Any CPU
		{9C6B3400-944D-4D3A-B64E-CB32C54E8A0D}.Debug|Any CPU.ActiveCfg = Debug|Any CPU
		{9C6B3400-944D-4D3A-B64E-CB32C54E8A0D}.Debug|Any CPU.Build.0 = Debug|Any CPU
		{9C6B3400-944D-4D3A-B64E-CB32C54E8A0D}.Release|Any CPU.ActiveCfg = Release|Any CPU
		{9C6B3400-944D-4D3A-B64E-CB32C54E8A0D}.Release|Any CPU.Build.0 = Release|Any CPU
		{5070C58D-6701-4E9E-9703-4BD4A4DB7A21}.Debug|Any CPU.ActiveCfg = Debug|Any CPU
		{5070C58D-6701-4E9E-9703-4BD4A4DB7A21}.Debug|Any CPU.Build.0 = Debug|Any CPU
		{5070C58D-6701-4E9E-9703-4BD4A4DB7A21}.Release|Any CPU.ActiveCfg = Release|Any CPU
		{5070C58D-6701-4E9E-9703-4BD4A4DB7A21}.Release|Any CPU.Build.0 = Release|Any CPU
		{DB40F318-74AF-4055-921F-035131611723}.Debug|Any CPU.ActiveCfg = Debug|Any CPU
		{DB40F318-74AF-4055-921F-035131611723}.Debug|Any CPU.Build.0 = Debug|Any CPU
		{DB40F318-74AF-4055-921F-035131611723}.Release|Any CPU.ActiveCfg = Release|Any CPU
		{DB40F318-74AF-4055-921F-035131611723}.Release|Any CPU.Build.0 = Release|Any CPU
		{0CB82644-F524-409F-8E30-38F1D27A3526}.Debug|Any CPU.ActiveCfg = Debug|Any CPU
		{0CB82644-F524-409F-8E30-38F1D27A3526}.Debug|Any CPU.Build.0 = Debug|Any CPU
		{0CB82644-F524-409F-8E30-38F1D27A3526}.Release|Any CPU.ActiveCfg = Release|Any CPU
		{0CB82644-F524-409F-8E30-38F1D27A3526}.Release|Any CPU.Build.0 = Release|Any CPU
		{B6D5D9CF-1A77-4691-A8A0-1ED702766E70}.Debug|Any CPU.ActiveCfg = Debug|Any CPU
		{B6D5D9CF-1A77-4691-A8A0-1ED702766E70}.Debug|Any CPU.Build.0 = Debug|Any CPU
		{B6D5D9CF-1A77-4691-A8A0-1ED702766E70}.Release|Any CPU.ActiveCfg = Release|Any CPU
		{B6D5D9CF-1A77-4691-A8A0-1ED702766E70}.Release|Any CPU.Build.0 = Release|Any CPU
		{B9E6D3CE-A444-48BA-8F98-589B83EAD8A1}.Debug|Any CPU.ActiveCfg = Debug|Any CPU
		{B9E6D3CE-A444-48BA-8F98-589B83EAD8A1}.Debug|Any CPU.Build.0 = Debug|Any CPU
		{B9E6D3CE-A444-48BA-8F98-589B83EAD8A1}.Release|Any CPU.ActiveCfg = Release|Any CPU
		{B9E6D3CE-A444-48BA-8F98-589B83EAD8A1}.Release|Any CPU.Build.0 = Release|Any CPU
		{9D81E6F2-3512-48AD-8088-9A2F4E2089F6}.Debug|Any CPU.ActiveCfg = Debug|Any CPU
		{9D81E6F2-3512-48AD-8088-9A2F4E2089F6}.Debug|Any CPU.Build.0 = Debug|Any CPU
		{9D81E6F2-3512-48AD-8088-9A2F4E2089F6}.Release|Any CPU.ActiveCfg = Release|Any CPU
		{9D81E6F2-3512-48AD-8088-9A2F4E2089F6}.Release|Any CPU.Build.0 = Release|Any CPU
		{D591FE5A-55F9-47F3-B67B-5656CB7F45E5}.Debug|Any CPU.ActiveCfg = Debug|Any CPU
		{D591FE5A-55F9-47F3-B67B-5656CB7F45E5}.Debug|Any CPU.Build.0 = Debug|Any CPU
		{D591FE5A-55F9-47F3-B67B-5656CB7F45E5}.Release|Any CPU.ActiveCfg = Release|Any CPU
		{D591FE5A-55F9-47F3-B67B-5656CB7F45E5}.Release|Any CPU.Build.0 = Release|Any CPU
		{B5337497-B391-42F8-80D1-7169F3053B77}.Debug|Any CPU.ActiveCfg = Debug|Any CPU
		{B5337497-B391-42F8-80D1-7169F3053B77}.Debug|Any CPU.Build.0 = Debug|Any CPU
		{B5337497-B391-42F8-80D1-7169F3053B77}.Release|Any CPU.ActiveCfg = Release|Any CPU
		{B5337497-B391-42F8-80D1-7169F3053B77}.Release|Any CPU.Build.0 = Release|Any CPU
		{D673B185-360D-4620-92C2-1F0089C6C4FB}.Debug|Any CPU.ActiveCfg = Debug|Any CPU
		{D673B185-360D-4620-92C2-1F0089C6C4FB}.Debug|Any CPU.Build.0 = Debug|Any CPU
		{D673B185-360D-4620-92C2-1F0089C6C4FB}.Release|Any CPU.ActiveCfg = Release|Any CPU
		{D673B185-360D-4620-92C2-1F0089C6C4FB}.Release|Any CPU.Build.0 = Release|Any CPU
	EndGlobalSection
	GlobalSection(SolutionProperties) = preSolution
		HideSolutionNode = FALSE
	EndGlobalSection
	GlobalSection(NestedProjects) = preSolution
		{C07632A3-0532-4331-B1EB-8C774FE723A4} = {0E4D8A6A-8EBC-431F-935C-5A97D5B96280}
		{91D90419-3797-473E-B717-776228C31251} = {0E4D8A6A-8EBC-431F-935C-5A97D5B96280}
		{976079B4-5B39-413D-8454-0893898981DF} = {CAFCB99A-5E31-47CB-974C-570AB94629D0}
		{70CDCBC7-8E8F-4350-B71B-C000A0749B8F} = {976079B4-5B39-413D-8454-0893898981DF}
		{812BD84D-74EA-40AB-A00C-9EB75EC5C7C7} = {976079B4-5B39-413D-8454-0893898981DF}
		{175C8259-A418-46BA-93F8-8246D875F132} = {CAFCB99A-5E31-47CB-974C-570AB94629D0}
		{9C6B3400-944D-4D3A-B64E-CB32C54E8A0D} = {3AC9851F-52AC-4D33-88AC-3930477A02A5}
		{5070C58D-6701-4E9E-9703-4BD4A4DB7A21} = {95C07158-0EEE-49BF-8FF4-0206F4CE49BE}
		{DB40F318-74AF-4055-921F-035131611723} = {7156BF71-F606-43BA-9916-46EE088256B2}
		{0CB82644-F524-409F-8E30-38F1D27A3526} = {7156BF71-F606-43BA-9916-46EE088256B2}
		{B6D5D9CF-1A77-4691-A8A0-1ED702766E70} = {1D29EB76-2CA0-4358-8EE8-9AFE3EB353B8}
		{B9E6D3CE-A444-48BA-8F98-589B83EAD8A1} = {35960E56-949E-4547-B998-343933E70C6D}
		{9D81E6F2-3512-48AD-8088-9A2F4E2089F6} = {35960E56-949E-4547-B998-343933E70C6D}
		{D591FE5A-55F9-47F3-B67B-5656CB7F45E5} = {9A94287D-D6A5-4A40-AE4A-171047B283A0}
		{B5337497-B391-42F8-80D1-7169F3053B77} = {0E4D8A6A-8EBC-431F-935C-5A97D5B96280}
	EndGlobalSection
	GlobalSection(ExtensibilityGlobals) = postSolution
		SolutionGuid = {B8BE0376-954A-4E0C-BBD8-5B5F8E17634C}
	EndGlobalSection
EndGlobal
