
Microsoft Visual Studio Solution File, Format Version 12.00
# Visual Studio Version 16
VisualStudioVersion = 16.0.28803.156
MinimumVisualStudioVersion = 10.0.40219.1
Project("{2150E333-8FDC-42A3-9474-1A3956D46DE8}") = "Solution Items", "Solution Items", "{EE807DE1-3E39-4E21-9EBD-1BEEDFC56A9C}"
	ProjectSection(SolutionItems) = preProject
		.editorconfig = .editorconfig
		.gitattributes = .gitattributes
		.gitignore = .gitignore
		Tsu.sln.licenseheader = Tsu.sln.licenseheader
		LICENSE = LICENSE
		README.md = README.md
	EndProjectSection
EndProject
Project("{9A19103F-16F7-4668-BE54-9A1E7A4F7556}") = "Tsu.CLI", "Tsu.CLI\Tsu.CLI.csproj", "{290C1063-B569-494F-B90F-F6FA8080848D}"
EndProject
Project("{9A19103F-16F7-4668-BE54-9A1E7A4F7556}") = "Tsu.Windows", "Tsu.Windows\Tsu.Windows.csproj", "{9BAB0491-B61F-4D02-ADE9-ABE35549175B}"
EndProject
Project("{2150E333-8FDC-42A3-9474-1A3956D46DE8}") = "Tests", "Tests", "{55138AAF-7418-4E62-AB3B-BF2CF73A8156}"
EndProject
Project("{9A19103F-16F7-4668-BE54-9A1E7A4F7556}") = "Tsu.CLI.Tests", "Tsu.CLI.Tests\Tsu.CLI.Tests.csproj", "{B4F43654-EF29-4DB4-919F-ED187C458927}"
EndProject
Project("{9A19103F-16F7-4668-BE54-9A1E7A4F7556}") = "Tsu.Parsing.BBCode", "Tsu.Parsing.BBCode\Tsu.Parsing.BBCode.csproj", "{0460A036-D964-4335-BB0D-46FE4F18BEE0}"
EndProject
Project("{9A19103F-16F7-4668-BE54-9A1E7A4F7556}") = "Tsu.Parsing.BBCode.Tests", "Tsu.Parsing.BBCode.Tests\Tsu.Parsing.BBCode.Tests.csproj", "{71D206D0-8498-40E3-95B9-76E074350AB9}"
EndProject
Project("{9A19103F-16F7-4668-BE54-9A1E7A4F7556}") = "Tsu.Expressions", "Tsu.Expressions\Tsu.Expressions.csproj", "{5B75C25B-FB59-42EB-8314-8AF21FE61046}"
EndProject
Project("{9A19103F-16F7-4668-BE54-9A1E7A4F7556}") = "Tsu.StateMachines", "Tsu.StateMachines\Tsu.StateMachines.csproj", "{4459E350-B927-4800-B4A4-EFB9ABF294AA}"
EndProject
Project("{9A19103F-16F7-4668-BE54-9A1E7A4F7556}") = "Tsu.MVVM", "Tsu.MVVM\Tsu.MVVM.csproj", "{6220606C-DADE-4358-8285-1EB7D25D457F}"
EndProject
Project("{9A19103F-16F7-4668-BE54-9A1E7A4F7556}") = "Tsu", "Tsu\Tsu.csproj", "{1C3021F2-CB80-480A-9678-94C5BC9A4FB8}"
EndProject
Project("{9A19103F-16F7-4668-BE54-9A1E7A4F7556}") = "Tsu.Tests", "Tsu.Tests\Tsu.Tests.csproj", "{22CA35FB-52F1-414B-AEDF-24A446A94BFA}"
EndProject
Project("{9A19103F-16F7-4668-BE54-9A1E7A4F7556}") = "Tsu.Testing", "Tsu.Testing\Tsu.Testing.csproj", "{40147EC7-DADC-4403-A5B3-44FBCE54441F}"
EndProject
Project("{9A19103F-16F7-4668-BE54-9A1E7A4F7556}") = "Tsu.Testing.Tests", "Tsu.Testing.Tests\Tsu.Testing.Tests.csproj", "{B1A64207-286C-4743-BEA4-A8FDC98998BE}"
EndProject
Project("{9A19103F-16F7-4668-BE54-9A1E7A4F7556}") = "Tsu.CLI.SourceGenerator", "Tsu.CLI.SourceGenerator\Tsu.CLI.SourceGenerator.csproj", "{52BB17F1-FBDB-4D8F-AC56-C7D07E6CF6A7}"
EndProject
Project("{9A19103F-16F7-4668-BE54-9A1E7A4F7556}") = "Tsu.Text.Code", "Tsu.Text.Code\Tsu.Text.Code.csproj", "{2996C2F5-0F59-43B1-9ABD-BB0D33667742}"
EndProject
Project("{9A19103F-16F7-4668-BE54-9A1E7A4F7556}") = "Tsu.Benchmarks", "Tsu.Benchmarks\Tsu.Benchmarks.csproj", "{A68C3D54-4460-4901-97AE-AB9ACEB2F4EA}"
EndProject
Project("{2150E333-8FDC-42A3-9474-1A3956D46DE8}") = "Benchmarks", "Benchmarks", "{35524A74-34E6-4866-8309-1BDD1A34FADE}"
EndProject
Project("{9A19103F-16F7-4668-BE54-9A1E7A4F7556}") = "Tsu.Timing.MicroProfiler", "Tsu.Timing.MicroProfiler\Tsu.Timing.MicroProfiler.csproj", "{39F4A358-7593-43C6-AC4D-12575D25832A}"
EndProject
Project("{2150E333-8FDC-42A3-9474-1A3956D46DE8}") = "build", "build", "{88464A7D-1667-4EA0-A724-FE7306CEDBA1}"
	ProjectSection(SolutionItems) = preProject
		build\LibraryProject.props = build\LibraryProject.props
		build\Shared.Compilation.props = build\Shared.Compilation.props
		build\Shared.Defines.props = build\Shared.Defines.props
		build\Shared.NugetLockfile.props = build\Shared.NugetLockfile.props
		build\Shared.NugetPackage.props = build\Shared.NugetPackage.props
		build\Shared.Packages.props = build\Shared.Packages.props
		build\Shared.Props.props = build\Shared.Props.props
		build\TestProject.props = build\TestProject.props
	EndProjectSection
EndProject
Global
	GlobalSection(SolutionConfigurationPlatforms) = preSolution
		Debug|Any CPU = Debug|Any CPU
		Release|Any CPU = Release|Any CPU
	EndGlobalSection
	GlobalSection(ProjectConfigurationPlatforms) = postSolution
		{290C1063-B569-494F-B90F-F6FA8080848D}.Debug|Any CPU.ActiveCfg = Debug|Any CPU
		{290C1063-B569-494F-B90F-F6FA8080848D}.Debug|Any CPU.Build.0 = Debug|Any CPU
		{290C1063-B569-494F-B90F-F6FA8080848D}.Release|Any CPU.ActiveCfg = Release|Any CPU
		{290C1063-B569-494F-B90F-F6FA8080848D}.Release|Any CPU.Build.0 = Release|Any CPU
		{9BAB0491-B61F-4D02-ADE9-ABE35549175B}.Debug|Any CPU.ActiveCfg = Debug|Any CPU
		{9BAB0491-B61F-4D02-ADE9-ABE35549175B}.Debug|Any CPU.Build.0 = Debug|Any CPU
		{9BAB0491-B61F-4D02-ADE9-ABE35549175B}.Release|Any CPU.ActiveCfg = Release|Any CPU
		{9BAB0491-B61F-4D02-ADE9-ABE35549175B}.Release|Any CPU.Build.0 = Release|Any CPU
		{B4F43654-EF29-4DB4-919F-ED187C458927}.Debug|Any CPU.ActiveCfg = Debug|Any CPU
		{B4F43654-EF29-4DB4-919F-ED187C458927}.Debug|Any CPU.Build.0 = Debug|Any CPU
		{B4F43654-EF29-4DB4-919F-ED187C458927}.Release|Any CPU.ActiveCfg = Release|Any CPU
		{B4F43654-EF29-4DB4-919F-ED187C458927}.Release|Any CPU.Build.0 = Release|Any CPU
		{0460A036-D964-4335-BB0D-46FE4F18BEE0}.Debug|Any CPU.ActiveCfg = Debug|Any CPU
		{0460A036-D964-4335-BB0D-46FE4F18BEE0}.Debug|Any CPU.Build.0 = Debug|Any CPU
		{0460A036-D964-4335-BB0D-46FE4F18BEE0}.Release|Any CPU.ActiveCfg = Release|Any CPU
		{0460A036-D964-4335-BB0D-46FE4F18BEE0}.Release|Any CPU.Build.0 = Release|Any CPU
		{71D206D0-8498-40E3-95B9-76E074350AB9}.Debug|Any CPU.ActiveCfg = Debug|Any CPU
		{71D206D0-8498-40E3-95B9-76E074350AB9}.Debug|Any CPU.Build.0 = Debug|Any CPU
		{71D206D0-8498-40E3-95B9-76E074350AB9}.Release|Any CPU.ActiveCfg = Release|Any CPU
		{71D206D0-8498-40E3-95B9-76E074350AB9}.Release|Any CPU.Build.0 = Release|Any CPU
		{5B75C25B-FB59-42EB-8314-8AF21FE61046}.Debug|Any CPU.ActiveCfg = Debug|Any CPU
		{5B75C25B-FB59-42EB-8314-8AF21FE61046}.Debug|Any CPU.Build.0 = Debug|Any CPU
		{5B75C25B-FB59-42EB-8314-8AF21FE61046}.Release|Any CPU.ActiveCfg = Release|Any CPU
		{5B75C25B-FB59-42EB-8314-8AF21FE61046}.Release|Any CPU.Build.0 = Release|Any CPU
		{4459E350-B927-4800-B4A4-EFB9ABF294AA}.Debug|Any CPU.ActiveCfg = Debug|Any CPU
		{4459E350-B927-4800-B4A4-EFB9ABF294AA}.Debug|Any CPU.Build.0 = Debug|Any CPU
		{4459E350-B927-4800-B4A4-EFB9ABF294AA}.Release|Any CPU.ActiveCfg = Release|Any CPU
		{4459E350-B927-4800-B4A4-EFB9ABF294AA}.Release|Any CPU.Build.0 = Release|Any CPU
		{6220606C-DADE-4358-8285-1EB7D25D457F}.Debug|Any CPU.ActiveCfg = Debug|Any CPU
		{6220606C-DADE-4358-8285-1EB7D25D457F}.Debug|Any CPU.Build.0 = Debug|Any CPU
		{6220606C-DADE-4358-8285-1EB7D25D457F}.Release|Any CPU.ActiveCfg = Release|Any CPU
		{6220606C-DADE-4358-8285-1EB7D25D457F}.Release|Any CPU.Build.0 = Release|Any CPU
		{1C3021F2-CB80-480A-9678-94C5BC9A4FB8}.Debug|Any CPU.ActiveCfg = Debug|Any CPU
		{1C3021F2-CB80-480A-9678-94C5BC9A4FB8}.Debug|Any CPU.Build.0 = Debug|Any CPU
		{1C3021F2-CB80-480A-9678-94C5BC9A4FB8}.Release|Any CPU.ActiveCfg = Release|Any CPU
		{1C3021F2-CB80-480A-9678-94C5BC9A4FB8}.Release|Any CPU.Build.0 = Release|Any CPU
		{22CA35FB-52F1-414B-AEDF-24A446A94BFA}.Debug|Any CPU.ActiveCfg = Debug|Any CPU
		{22CA35FB-52F1-414B-AEDF-24A446A94BFA}.Debug|Any CPU.Build.0 = Debug|Any CPU
		{22CA35FB-52F1-414B-AEDF-24A446A94BFA}.Release|Any CPU.ActiveCfg = Release|Any CPU
		{22CA35FB-52F1-414B-AEDF-24A446A94BFA}.Release|Any CPU.Build.0 = Release|Any CPU
		{40147EC7-DADC-4403-A5B3-44FBCE54441F}.Debug|Any CPU.ActiveCfg = Debug|Any CPU
		{40147EC7-DADC-4403-A5B3-44FBCE54441F}.Debug|Any CPU.Build.0 = Debug|Any CPU
		{40147EC7-DADC-4403-A5B3-44FBCE54441F}.Release|Any CPU.ActiveCfg = Release|Any CPU
		{40147EC7-DADC-4403-A5B3-44FBCE54441F}.Release|Any CPU.Build.0 = Release|Any CPU
		{B1A64207-286C-4743-BEA4-A8FDC98998BE}.Debug|Any CPU.ActiveCfg = Debug|Any CPU
		{B1A64207-286C-4743-BEA4-A8FDC98998BE}.Debug|Any CPU.Build.0 = Debug|Any CPU
		{B1A64207-286C-4743-BEA4-A8FDC98998BE}.Release|Any CPU.ActiveCfg = Release|Any CPU
		{B1A64207-286C-4743-BEA4-A8FDC98998BE}.Release|Any CPU.Build.0 = Release|Any CPU
		{52BB17F1-FBDB-4D8F-AC56-C7D07E6CF6A7}.Debug|Any CPU.ActiveCfg = Debug|Any CPU
		{52BB17F1-FBDB-4D8F-AC56-C7D07E6CF6A7}.Debug|Any CPU.Build.0 = Debug|Any CPU
		{52BB17F1-FBDB-4D8F-AC56-C7D07E6CF6A7}.Release|Any CPU.ActiveCfg = Release|Any CPU
		{52BB17F1-FBDB-4D8F-AC56-C7D07E6CF6A7}.Release|Any CPU.Build.0 = Release|Any CPU
		{2996C2F5-0F59-43B1-9ABD-BB0D33667742}.Debug|Any CPU.ActiveCfg = Debug|Any CPU
		{2996C2F5-0F59-43B1-9ABD-BB0D33667742}.Debug|Any CPU.Build.0 = Debug|Any CPU
		{2996C2F5-0F59-43B1-9ABD-BB0D33667742}.Release|Any CPU.ActiveCfg = Release|Any CPU
		{2996C2F5-0F59-43B1-9ABD-BB0D33667742}.Release|Any CPU.Build.0 = Release|Any CPU
		{A68C3D54-4460-4901-97AE-AB9ACEB2F4EA}.Debug|Any CPU.ActiveCfg = Debug|Any CPU
		{A68C3D54-4460-4901-97AE-AB9ACEB2F4EA}.Debug|Any CPU.Build.0 = Debug|Any CPU
		{A68C3D54-4460-4901-97AE-AB9ACEB2F4EA}.Release|Any CPU.ActiveCfg = Release|Any CPU
		{A68C3D54-4460-4901-97AE-AB9ACEB2F4EA}.Release|Any CPU.Build.0 = Release|Any CPU
		{39F4A358-7593-43C6-AC4D-12575D25832A}.Debug|Any CPU.ActiveCfg = Debug|Any CPU
		{39F4A358-7593-43C6-AC4D-12575D25832A}.Debug|Any CPU.Build.0 = Debug|Any CPU
		{39F4A358-7593-43C6-AC4D-12575D25832A}.Release|Any CPU.ActiveCfg = Release|Any CPU
		{39F4A358-7593-43C6-AC4D-12575D25832A}.Release|Any CPU.Build.0 = Release|Any CPU
	EndGlobalSection
	GlobalSection(SolutionProperties) = preSolution
		HideSolutionNode = FALSE
	EndGlobalSection
	GlobalSection(NestedProjects) = preSolution
		{B4F43654-EF29-4DB4-919F-ED187C458927} = {55138AAF-7418-4E62-AB3B-BF2CF73A8156}
		{71D206D0-8498-40E3-95B9-76E074350AB9} = {55138AAF-7418-4E62-AB3B-BF2CF73A8156}
		{22CA35FB-52F1-414B-AEDF-24A446A94BFA} = {55138AAF-7418-4E62-AB3B-BF2CF73A8156}
		{B1A64207-286C-4743-BEA4-A8FDC98998BE} = {55138AAF-7418-4E62-AB3B-BF2CF73A8156}
		{A68C3D54-4460-4901-97AE-AB9ACEB2F4EA} = {35524A74-34E6-4866-8309-1BDD1A34FADE}
		{88464A7D-1667-4EA0-A724-FE7306CEDBA1} = {EE807DE1-3E39-4E21-9EBD-1BEEDFC56A9C}
	EndGlobalSection
	GlobalSection(ExtensibilityGlobals) = postSolution
		SolutionGuid = {2935DA65-CFF2-4F42-A80B-0E23EBB88B1B}
	EndGlobalSection
EndGlobal
